
Microsoft Visual Studio Solution File, Format Version 12.00
# Visual Studio Version 16
VisualStudioVersion = 16.0.31702.278
MinimumVisualStudioVersion = 10.0.40219.1
Project("{FAE04EC0-301F-11D3-BF4B-00C04F79EFBC}") = "110-1Practice3-1", "110-1Practice3-1\110-1Practice3-1.csproj", "{2F6CFCAC-8755-4C9A-A3EF-3E2035EB7A87}"
EndProject
Global
	GlobalSection(SolutionConfigurationPlatforms) = preSolution
		Debug|Any CPU = Debug|Any CPU
		Release|Any CPU = Release|Any CPU
	EndGlobalSection
	GlobalSection(ProjectConfigurationPlatforms) = postSolution
		{2F6CFCAC-8755-4C9A-A3EF-3E2035EB7A87}.Debug|Any CPU.ActiveCfg = Debug|Any CPU
		{2F6CFCAC-8755-4C9A-A3EF-3E2035EB7A87}.Debug|Any CPU.Build.0 = Debug|Any CPU
		{2F6CFCAC-8755-4C9A-A3EF-3E2035EB7A87}.Release|Any CPU.ActiveCfg = Release|Any CPU
		{2F6CFCAC-8755-4C9A-A3EF-3E2035EB7A87}.Release|Any CPU.Build.0 = Release|Any CPU
	EndGlobalSection
	GlobalSection(SolutionProperties) = preSolution
		HideSolutionNode = FALSE
	EndGlobalSection
	GlobalSection(ExtensibilityGlobals) = postSolution
		SolutionGuid = {38B6D45F-BC48-42E3-B9E9-37A3077971FB}
	EndGlobalSection
EndGlobal
